{
  "name": "juice-delegate-template",
  "version": "0.0.0",
  "lockfileVersion": 3,
  "requires": true,
  "packages": {
    "": {
      "name": "juice-delegate-template",
      "version": "0.0.0",
      "hasInstallScript": true,
      "dependencies": {
        "@jbx-protocol/juice-contracts-v3": "2.0.5",
        "@jbx-protocol/juice-delegates-registry": "^1.0.0",
        "@openzeppelin/contracts": "^4.9.2",
        "@prb/math": "^4.0.1",
        "@uniswap/v3-core": "^1.0.1"
      }
    },
    "node_modules/@babel/runtime": {
      "version": "7.22.5",
      "resolved": "https://registry.npmjs.org/@babel/runtime/-/runtime-7.22.5.tgz",
      "integrity": "sha512-ecjvYlnAaZ/KVneE/OdKYBYfgXV3Ptu6zQWmgEF7vwKhQnvVS6bjMD2XYgj+SNvQ1GfK/pjgokfPkC/2CO8CuA==",
      "license": "MIT",
      "dependencies": {
        "regenerator-runtime": "^0.13.11"
      },
      "engines": {
        "node": ">=6.9.0"
      }
    },
    "node_modules/@ethersproject/bignumber": {
      "version": "5.7.0",
      "resolved": "https://registry.npmjs.org/@ethersproject/bignumber/-/bignumber-5.7.0.tgz",
      "integrity": "sha512-n1CAdIHRWjSucQO3MC1zPSVgV/6dy/fjL9pMrPP9peL+QxEg9wOsVqwD4+818B6LUEtaXzVHQiuivzRoxPxUGw==",
      "funding": [
        {
          "type": "individual",
          "url": "https://gitcoin.co/grants/13/ethersjs-complete-simple-and-tiny-2"
        },
        {
          "type": "individual",
          "url": "https://www.buymeacoffee.com/ricmoo"
        }
      ],
      "license": "MIT",
      "dependencies": {
        "@ethersproject/bytes": "^5.7.0",
        "@ethersproject/logger": "^5.7.0",
        "bn.js": "^5.2.1"
      }
    },
    "node_modules/@ethersproject/bytes": {
      "version": "5.7.0",
      "resolved": "https://registry.npmjs.org/@ethersproject/bytes/-/bytes-5.7.0.tgz",
      "integrity": "sha512-nsbxwgFXWh9NyYWo+U8atvmMsSdKJprTcICAkvbBffT75qDocbuggBU0SJiVK2MuTrp0q+xvLkTnGMPK1+uA9A==",
      "funding": [
        {
          "type": "individual",
          "url": "https://gitcoin.co/grants/13/ethersjs-complete-simple-and-tiny-2"
        },
        {
          "type": "individual",
          "url": "https://www.buymeacoffee.com/ricmoo"
        }
      ],
      "license": "MIT",
      "dependencies": {
        "@ethersproject/logger": "^5.7.0"
      }
    },
    "node_modules/@ethersproject/logger": {
      "version": "5.7.0",
      "resolved": "https://registry.npmjs.org/@ethersproject/logger/-/logger-5.7.0.tgz",
      "integrity": "sha512-0odtFdXu/XHtjQXJYA3u9G0G8btm0ND5Cu8M7i5vhEcE8/HmF4Lbdqanwyv4uQTr2tx6b7fQRmgLrsnpQlmnig==",
      "funding": [
        {
          "type": "individual",
          "url": "https://gitcoin.co/grants/13/ethersjs-complete-simple-and-tiny-2"
        },
        {
          "type": "individual",
          "url": "https://www.buymeacoffee.com/ricmoo"
        }
      ],
      "license": "MIT"
    },
    "node_modules/@jbx-protocol/juice-contracts-v3": {
      "version": "2.0.5",
      "resolved": "https://registry.npmjs.org/@jbx-protocol/juice-contracts-v3/-/juice-contracts-v3-2.0.5.tgz",
      "integrity": "sha512-pQSJbzz96nzHc2HDlN0Xx6uJufnRPAiUsilSwGRLjX38KZaeOtC7LU+YY0G5OHpH8tQPyAC/G/m5EwjpObIh3A==",
      "license": "MIT"
    },
    "node_modules/@jbx-protocol/juice-delegates-registry": {
      "version": "1.0.1",
      "resolved": "https://registry.npmjs.org/@jbx-protocol/juice-delegates-registry/-/juice-delegates-registry-1.0.1.tgz",
      "integrity": "sha512-kAN/xv8VBK/GkdkKKjOGV6nzOS0RI9/eyPWsR9UExZIcFr8fBoO7fLlTIWA/YSvQNdrMYd8urUJJpGPiXkRlLw==",
      "license": "MIT",
      "dependencies": {
        "@jbx-protocol/juice-contracts-v3": "^2.0.3",
        "@openzeppelin/contracts": "^4.8.0",
        "@paulrberg/contracts": "^3.7.0"
      }
    },
    "node_modules/@openzeppelin/contracts": {
      "version": "4.9.2",
      "resolved": "https://registry.npmjs.org/@openzeppelin/contracts/-/contracts-4.9.2.tgz",
      "integrity": "sha512-mO+y6JaqXjWeMh9glYVzVu8HYPGknAAnWyxTRhGeckOruyXQMNnlcW6w/Dx9ftLeIQk6N+ZJFuVmTwF7lEIFrg==",
      "license": "MIT"
    },
    "node_modules/@paulrberg/contracts": {
      "version": "3.7.0",
      "resolved": "https://registry.npmjs.org/@paulrberg/contracts/-/contracts-3.7.0.tgz",
      "integrity": "sha512-vOBN0P1xjT0rJqQs8DZ1B48qO0tHx6tabfGomsWC57EUMQzEYY/Kw8jS6uVbpeJRes1X+mPXcxmEoilAvUN7Ng==",
      "license": "Unlicense",
      "dependencies": {
        "prb-math": "^2.4.1"
      },
      "peerDependencies": {
        "prb-math": "2.x"
      }
    },
    "node_modules/@prb/math": {
      "version": "4.0.1",
      "resolved": "https://registry.npmjs.org/@prb/math/-/math-4.0.1.tgz",
      "integrity": "sha512-ANTz2KMV+dMdZ57mWgDTR6jZo5uQzUczQEHCxd7CvJZZ9yafnfPhUUILHvvigIOZ85fZbTPVkC8YoRG1z5Qf7g==",
      "license": "MIT"
    },
    "node_modules/@uniswap/v3-core": {
      "version": "1.0.1",
      "resolved": "https://registry.npmjs.org/@uniswap/v3-core/-/v3-core-1.0.1.tgz",
      "integrity": "sha512-7pVk4hEm00j9tc71Y9+ssYpO6ytkeI0y7WE9P6UcmNzhxPePwyAxImuhVsTqWK9YFvzgtvzJHi64pBl4jUzKMQ==",
      "engines": {
        "node": ">=10"
      }
    },
    "node_modules/bn.js": {
      "version": "5.2.1",
      "resolved": "https://registry.npmjs.org/bn.js/-/bn.js-5.2.1.tgz",
      "integrity": "sha512-eXRvHzWyYPBuB4NBy0cmYQjGitUrtqwbvlzP3G6VFnNRbsZQIxQ10PbKKHt8gZ/HW/D/747aDl+QkDqg3KQLMQ==",
      "license": "MIT"
    },
    "node_modules/complex.js": {
      "version": "2.1.1",
      "resolved": "https://registry.npmjs.org/complex.js/-/complex.js-2.1.1.tgz",
      "integrity": "sha512-8njCHOTtFFLtegk6zQo0kkVX1rngygb/KQI6z1qZxlFI3scluC+LVTCFbrkWjBv4vvLlbQ9t88IPMC6k95VTTg==",
      "license": "MIT",
      "engines": {
        "node": "*"
      },
      "funding": {
        "type": "patreon",
        "url": "https://www.patreon.com/infusion"
      }
    },
    "node_modules/decimal.js": {
      "version": "10.4.3",
      "resolved": "https://registry.npmjs.org/decimal.js/-/decimal.js-10.4.3.tgz",
      "integrity": "sha512-VBBaLc1MgL5XpzgIP7ny5Z6Nx3UrRkIViUkPUdtl9aya5amy3De1gsUUSB1g3+3sExYNjCAsAznmukyxCb1GRA==",
      "license": "MIT"
    },
    "node_modules/escape-latex": {
      "version": "1.2.0",
      "resolved": "https://registry.npmjs.org/escape-latex/-/escape-latex-1.2.0.tgz",
      "integrity": "sha512-nV5aVWW1K0wEiUIEdZ4erkGGH8mDxGyxSeqPzRNtWP7ataw+/olFObw7hujFWlVjNsaDFw5VZ5NzVSIqRgfTiw==",
      "license": "MIT"
    },
    "node_modules/evm-bn": {
      "version": "1.1.2",
      "resolved": "https://registry.npmjs.org/evm-bn/-/evm-bn-1.1.2.tgz",
      "integrity": "sha512-Lq8CT1EAjSeN+Yk0h1hpSwnZyMA4Xir6fQD4vlStljAuW2xr7qLOEGDLGsTa9sU2e40EYIumA4wYhMC/e+lyKw==",
      "license": "MIT",
      "dependencies": {
        "@ethersproject/bignumber": "^5.5.0",
        "from-exponential": "^1.1.1"
      },
      "peerDependencies": {
        "@ethersproject/bignumber": "5.x"
      }
    },
    "node_modules/fraction.js": {
      "version": "4.2.0",
      "resolved": "https://registry.npmjs.org/fraction.js/-/fraction.js-4.2.0.tgz",
      "integrity": "sha512-MhLuK+2gUcnZe8ZHlaaINnQLl0xRIGRfcGk2yl8xoQAfHrSsL3rYu6FCmBdkdbhc9EPlwyGHewaRsvwRMJtAlA==",
      "license": "MIT",
      "engines": {
        "node": "*"
      },
      "funding": {
        "type": "patreon",
        "url": "https://www.patreon.com/infusion"
      }
    },
    "node_modules/from-exponential": {
      "version": "1.1.1",
      "resolved": "https://registry.npmjs.org/from-exponential/-/from-exponential-1.1.1.tgz",
      "integrity": "sha512-VBE7f5OVnYwdgB3LHa+Qo29h8qVpxhVO9Trlc+AWm+/XNAgks1tAwMFHb33mjeiof77GglsJzeYF7OqXrROP/A==",
      "license": "MIT"
    },
    "node_modules/javascript-natural-sort": {
      "version": "0.7.1",
      "resolved": "https://registry.npmjs.org/javascript-natural-sort/-/javascript-natural-sort-0.7.1.tgz",
      "integrity": "sha512-nO6jcEfZWQXDhOiBtG2KvKyEptz7RVbpGP4vTD2hLBdmNQSsCiicO2Ioinv6UI4y9ukqnBpy+XZ9H6uLNgJTlw==",
      "license": "MIT"
    },
    "node_modules/mathjs": {
      "version": "10.6.4",
      "resolved": "https://registry.npmjs.org/mathjs/-/mathjs-10.6.4.tgz",
      "integrity": "sha512-omQyvRE1jIy+3k2qsqkWASOcd45aZguXZDckr3HtnTYyXk5+2xpVfC3kATgbO2Srjxlqww3TVdhD0oUdZ/hiFA==",
      "license": "Apache-2.0",
      "dependencies": {
        "@babel/runtime": "^7.18.6",
        "complex.js": "^2.1.1",
        "decimal.js": "^10.3.1",
        "escape-latex": "^1.2.0",
        "fraction.js": "^4.2.0",
        "javascript-natural-sort": "^0.7.1",
        "seedrandom": "^3.0.5",
        "tiny-emitter": "^2.1.0",
        "typed-function": "^2.1.0"
      },
      "bin": {
        "mathjs": "bin/cli.js"
      },
      "engines": {
        "node": ">= 14"
      }
    },
    "node_modules/prb-math": {
      "version": "2.4.3",
      "resolved": "https://registry.npmjs.org/prb-math/-/prb-math-2.4.3.tgz",
      "integrity": "sha512-t5jncEscKmWg7COkMkmbXXxSeDI6Xl21rxx5e+oxUCqskNvsu6Q9RqdVfGY6y+sMwyMQE8DJ/OOyQ9ExH1yfbw==",
      "license": "Unlicense",
      "dependencies": {
        "@ethersproject/bignumber": "^5.5.0",
        "decimal.js": "^10.3.1",
        "evm-bn": "^1.1.1",
        "mathjs": "^10.1.1"
      },
      "peerDependencies": {
        "@ethersproject/bignumber": "5.x",
        "evm-bn": "1.x",
        "mathjs": "10.x"
      }
    },
    "node_modules/regenerator-runtime": {
      "version": "0.13.11",
      "resolved": "https://registry.npmjs.org/regenerator-runtime/-/regenerator-runtime-0.13.11.tgz",
      "integrity": "sha512-kY1AZVr2Ra+t+piVaJ4gxaFaReZVH40AKNo7UCX6W+dEwBo/2oZJzqfuN1qLq1oL45o56cPaTXELwrTh8Fpggg==",
      "license": "MIT"
    },
    "node_modules/seedrandom": {
      "version": "3.0.5",
      "resolved": "https://registry.npmjs.org/seedrandom/-/seedrandom-3.0.5.tgz",
      "integrity": "sha512-8OwmbklUNzwezjGInmZ+2clQmExQPvomqjL7LFqOYqtmuxRgQYqOD3mHaU+MvZn5FLUeVxVfQjwLZW/n/JFuqg==",
      "license": "MIT"
    },
    "node_modules/tiny-emitter": {
      "version": "2.1.0",
      "resolved": "https://registry.npmjs.org/tiny-emitter/-/tiny-emitter-2.1.0.tgz",
      "integrity": "sha512-NB6Dk1A9xgQPMoGqC5CVXn123gWyte215ONT5Pp5a0yt4nlEoO1ZWeCwpncaekPHXO60i47ihFnZPiRPjRMq4Q==",
      "license": "MIT"
    },
    "node_modules/typed-function": {
      "version": "2.1.0",
      "resolved": "https://registry.npmjs.org/typed-function/-/typed-function-2.1.0.tgz",
      "integrity": "sha512-bctQIOqx2iVbWGDGPWwIm18QScpu2XRmkC19D8rQGFsjKSgteq/o1hTZvIG/wuDq8fanpBDrLkLq+aEN/6y5XQ==",
      "engines": {
        "node": ">= 10"
      }
    }
  }
}
